
Microsoft Visual Studio Solution File, Format Version 12.00
# Visual Studio Version 17
VisualStudioVersion = 17.5.33627.172
MinimumVisualStudioVersion = 10.0.40219.1
Project("{FAE04EC0-301F-11D3-BF4B-00C04F79EFBC}") = "AggregatesSamples.Introduction", "AggregatesSamples.Introduction\AggregatesSamples.Introduction.csproj", "{EE5E5D97-4C5B-4CA3-B1CA-1170C5BA6CC0}"
EndProject
Global
	GlobalSection(SolutionConfigurationPlatforms) = preSolution
		Debug|Any CPU = Debug|Any CPU
		Release|Any CPU = Release|Any CPU
	EndGlobalSection
	GlobalSection(ProjectConfigurationPlatforms) = postSolution
		{EE5E5D97-4C5B-4CA3-B1CA-1170C5BA6CC0}.Debug|Any CPU.ActiveCfg = Debug|Any CPU
		{EE5E5D97-4C5B-4CA3-B1CA-1170C5BA6CC0}.Debug|Any CPU.Build.0 = Debug|Any CPU
		{EE5E5D97-4C5B-4CA3-B1CA-1170C5BA6CC0}.Release|Any CPU.ActiveCfg = Release|Any CPU
		{EE5E5D97-4C5B-4CA3-B1CA-1170C5BA6CC0}.Release|Any CPU.Build.0 = Release|Any CPU
	EndGlobalSection
	GlobalSection(SolutionProperties) = preSolution
		HideSolutionNode = FALSE
	EndGlobalSection
	GlobalSection(ExtensibilityGlobals) = postSolution
		SolutionGuid = {0F7BDD35-E81B-4189-B432-12F731F8E677}
	EndGlobalSection
EndGlobal
